
Microsoft Visual Studio Solution File, Format Version 12.00
# Visual Studio Version 16
VisualStudioVersion = 16.0.31410.357
MinimumVisualStudioVersion = 10.0.40219.1
Project("{FAE04EC0-301F-11D3-BF4B-00C04F79EFBC}") = "EmployeeMgt.Web", "EmployeeMgt.Web\EmployeeMgt.Web.csproj", "{37BAFC7A-37D8-4E6D-847C-844219CB7BCF}"
EndProject
Project("{FAE04EC0-301F-11D3-BF4B-00C04F79EFBC}") = "EmployeeMgt.Core", "EmployeeMgt.Core\EmployeeMgt.Core.csproj", "{4B080059-109C-43A3-B623-6BD66D10411C}"
EndProject
Project("{FAE04EC0-301F-11D3-BF4B-00C04F79EFBC}") = "EmployeeMgt.Data", "EmployeeMgt.Data\EmployeeMgt.Data.csproj", "{C01522EA-1D1F-4976-9B22-7C93CC9E2DDC}"
EndProject
Global
	GlobalSection(SolutionConfigurationPlatforms) = preSolution
		Debug|Any CPU = Debug|Any CPU
		Release|Any CPU = Release|Any CPU
	EndGlobalSection
	GlobalSection(ProjectConfigurationPlatforms) = postSolution
		{37BAFC7A-37D8-4E6D-847C-844219CB7BCF}.Debug|Any CPU.ActiveCfg = Debug|Any CPU
		{37BAFC7A-37D8-4E6D-847C-844219CB7BCF}.Debug|Any CPU.Build.0 = Debug|Any CPU
		{37BAFC7A-37D8-4E6D-847C-844219CB7BCF}.Release|Any CPU.ActiveCfg = Release|Any CPU
		{37BAFC7A-37D8-4E6D-847C-844219CB7BCF}.Release|Any CPU.Build.0 = Release|Any CPU
		{4B080059-109C-43A3-B623-6BD66D10411C}.Debug|Any CPU.ActiveCfg = Debug|Any CPU
		{4B080059-109C-43A3-B623-6BD66D10411C}.Debug|Any CPU.Build.0 = Debug|Any CPU
		{4B080059-109C-43A3-B623-6BD66D10411C}.Release|Any CPU.ActiveCfg = Release|Any CPU
		{4B080059-109C-43A3-B623-6BD66D10411C}.Release|Any CPU.Build.0 = Release|Any CPU
		{C01522EA-1D1F-4976-9B22-7C93CC9E2DDC}.Debug|Any CPU.ActiveCfg = Debug|Any CPU
		{C01522EA-1D1F-4976-9B22-7C93CC9E2DDC}.Debug|Any CPU.Build.0 = Debug|Any CPU
		{C01522EA-1D1F-4976-9B22-7C93CC9E2DDC}.Release|Any CPU.ActiveCfg = Release|Any CPU
		{C01522EA-1D1F-4976-9B22-7C93CC9E2DDC}.Release|Any CPU.Build.0 = Release|Any CPU
	EndGlobalSection
	GlobalSection(SolutionProperties) = preSolution
		HideSolutionNode = FALSE
	EndGlobalSection
	GlobalSection(ExtensibilityGlobals) = postSolution
		SolutionGuid = {AB7B39A1-57BD-446C-BBA1-8142102205F7}
	EndGlobalSection
EndGlobal
